
Microsoft Visual Studio Solution File, Format Version 12.00
# Visual Studio Version 16
VisualStudioVersion = 16.0.31424.327
MinimumVisualStudioVersion = 10.0.40219.1
Project("{FAE04EC0-301F-11D3-BF4B-00C04F79EFBC}") = "Lab04022022", "Lab04022022\Lab04022022.csproj", "{0F17FB63-6077-4240-B321-552E9DD79925}"
EndProject
Global
	GlobalSection(SolutionConfigurationPlatforms) = preSolution
		Debug|Any CPU = Debug|Any CPU
		Release|Any CPU = Release|Any CPU
	EndGlobalSection
	GlobalSection(ProjectConfigurationPlatforms) = postSolution
		{0F17FB63-6077-4240-B321-552E9DD79925}.Debug|Any CPU.ActiveCfg = Debug|Any CPU
		{0F17FB63-6077-4240-B321-552E9DD79925}.Debug|Any CPU.Build.0 = Debug|Any CPU
		{0F17FB63-6077-4240-B321-552E9DD79925}.Release|Any CPU.ActiveCfg = Release|Any CPU
		{0F17FB63-6077-4240-B321-552E9DD79925}.Release|Any CPU.Build.0 = Release|Any CPU
	EndGlobalSection
	GlobalSection(SolutionProperties) = preSolution
		HideSolutionNode = FALSE
	EndGlobalSection
	GlobalSection(ExtensibilityGlobals) = postSolution
		SolutionGuid = {BBA2E3F1-0012-4F46-B6E4-EFD917F59744}
	EndGlobalSection
EndGlobal
